
Microsoft Visual Studio Solution File, Format Version 12.00
# Visual Studio 15
VisualStudioVersion = 15.0.25428.1
MinimumVisualStudioVersion = 10.0.40219.1
Project("{FAE04EC0-301F-11D3-BF4B-00C04F79EFBC}") = "ExtensionBlocks", "ExtensionBlocks\ExtensionBlocks.csproj", "{1F3896D7-60D9-4D39-BE3E-55071D157D39}"
EndProject
Project("{FAE04EC0-301F-11D3-BF4B-00C04F79EFBC}") = "ExtensionBlocks.Test", "ExtensionBlocks.Test\ExtensionBlocks.Test.csproj", "{7869D7FF-6BD3-41BC-87AC-F8AF28AE9F30}"
EndProject
Project("{FAE04EC0-301F-11D3-BF4B-00C04F79EFBC}") = "ExtensionBlocks.Test2", "ExtensionBlocks.Test2\ExtensionBlocks.Test2.csproj", "{BBFBA517-895C-4B94-A2A2-28252A390F1A}"
EndProject
Global
	GlobalSection(SolutionConfigurationPlatforms) = preSolution
		Debug|Any CPU = Debug|Any CPU
		Debug|x86 = Debug|x86
		Release|Any CPU = Release|Any CPU
		Release|x86 = Release|x86
	EndGlobalSection
	GlobalSection(ProjectConfigurationPlatforms) = postSolution
		{1F3896D7-60D9-4D39-BE3E-55071D157D39}.Debug|Any CPU.ActiveCfg = Debug|Any CPU
		{1F3896D7-60D9-4D39-BE3E-55071D157D39}.Debug|Any CPU.Build.0 = Debug|Any CPU
		{1F3896D7-60D9-4D39-BE3E-55071D157D39}.Debug|x86.ActiveCfg = Debug|x86
		{1F3896D7-60D9-4D39-BE3E-55071D157D39}.Debug|x86.Build.0 = Debug|x86
		{1F3896D7-60D9-4D39-BE3E-55071D157D39}.Release|Any CPU.ActiveCfg = Release|Any CPU
		{1F3896D7-60D9-4D39-BE3E-55071D157D39}.Release|Any CPU.Build.0 = Release|Any CPU
		{1F3896D7-60D9-4D39-BE3E-55071D157D39}.Release|x86.ActiveCfg = Release|x86
		{1F3896D7-60D9-4D39-BE3E-55071D157D39}.Release|x86.Build.0 = Release|x86
		{7869D7FF-6BD3-41BC-87AC-F8AF28AE9F30}.Debug|Any CPU.ActiveCfg = Debug|Any CPU
		{7869D7FF-6BD3-41BC-87AC-F8AF28AE9F30}.Debug|Any CPU.Build.0 = Debug|Any CPU
		{7869D7FF-6BD3-41BC-87AC-F8AF28AE9F30}.Debug|x86.ActiveCfg = Debug|x86
		{7869D7FF-6BD3-41BC-87AC-F8AF28AE9F30}.Debug|x86.Build.0 = Debug|x86
		{7869D7FF-6BD3-41BC-87AC-F8AF28AE9F30}.Release|Any CPU.ActiveCfg = Release|Any CPU
		{7869D7FF-6BD3-41BC-87AC-F8AF28AE9F30}.Release|Any CPU.Build.0 = Release|Any CPU
		{7869D7FF-6BD3-41BC-87AC-F8AF28AE9F30}.Release|x86.ActiveCfg = Release|x86
		{7869D7FF-6BD3-41BC-87AC-F8AF28AE9F30}.Release|x86.Build.0 = Release|x86
		{BBFBA517-895C-4B94-A2A2-28252A390F1A}.Debug|Any CPU.ActiveCfg = Debug|Any CPU
		{BBFBA517-895C-4B94-A2A2-28252A390F1A}.Debug|Any CPU.Build.0 = Debug|Any CPU
		{BBFBA517-895C-4B94-A2A2-28252A390F1A}.Debug|x86.ActiveCfg = Debug|Any CPU
		{BBFBA517-895C-4B94-A2A2-28252A390F1A}.Debug|x86.Build.0 = Debug|Any CPU
		{BBFBA517-895C-4B94-A2A2-28252A390F1A}.Release|Any CPU.ActiveCfg = Release|Any CPU
		{BBFBA517-895C-4B94-A2A2-28252A390F1A}.Release|Any CPU.Build.0 = Release|Any CPU
		{BBFBA517-895C-4B94-A2A2-28252A390F1A}.Release|x86.ActiveCfg = Release|Any CPU
		{BBFBA517-895C-4B94-A2A2-28252A390F1A}.Release|x86.Build.0 = Release|Any CPU
	EndGlobalSection
	GlobalSection(SolutionProperties) = preSolution
		HideSolutionNode = FALSE
	EndGlobalSection
EndGlobal
